// !$*UTF8*$!
{
	archiveVersion = 1;
	classes = {
	};
	objectVersion = 46;
	objects = {

/* Begin PBXBuildFile section */
		E1B74262189597D70052D5E9 /* Foundation.framework in Frameworks */ = {isa = PBXBuildFile; fileRef = E1B74261189597D70052D5E9 /* Foundation.framework */; };
		E1B74264189597D70052D5E9 /* CoreGraphics.framework in Frameworks */ = {isa = PBXBuildFile; fileRef = E1B74263189597D70052D5E9 /* CoreGraphics.framework */; };
		E1B74266189597D70052D5E9 /* UIKit.framework in Frameworks */ = {isa = PBXBuildFile; fileRef = E1B74265189597D70052D5E9 /* UIKit.framework */; };
		E1B74268189597D70052D5E9 /* SpriteKit.framework in Frameworks */ = {isa = PBXBuildFile; fileRef = E1B74267189597D70052D5E9 /* SpriteKit.framework */; };
		E1B7426E189597D70052D5E9 /* InfoPlist.strings in Resources */ = {isa = PBXBuildFile; fileRef = E1B7426C189597D70052D5E9 /* InfoPlist.strings */; };
		E1B74270189597D70052D5E9 /* main.m in Sources */ = {isa = PBXBuildFile; fileRef = E1B7426F189597D70052D5E9 /* main.m */; };
		E1B74274189597D70052D5E9 /* AppDelegate.m in Sources */ = {isa = PBXBuildFile; fileRef = E1B74273189597D70052D5E9 /* AppDelegate.m */; };
		E1B74277189597D70052D5E9 /* Main_iPhone.storyboard in Resources */ = {isa = PBXBuildFile; fileRef = E1B74275189597D70052D5E9 /* Main_iPhone.storyboard */; };
		E1B7427A189597D70052D5E9 /* Main_iPad.storyboard in Resources */ = {isa = PBXBuildFile; fileRef = E1B74278189597D70052D5E9 /* Main_iPad.storyboard */; };
		E1B7427D189597D70052D5E9 /* ViewController.m in Sources */ = {isa = PBXBuildFile; fileRef = E1B7427C189597D70052D5E9 /* ViewController.m */; };
		E1B74280189597D70052D5E9 /* MyScene.m in Sources */ = {isa = PBXBuildFile; fileRef = E1B7427F189597D70052D5E9 /* MyScene.m */; };
		E1B74282189597D70052D5E9 /* Spaceship.png in Resources */ = {isa = PBXBuildFile; fileRef = E1B74281189597D70052D5E9 /* Spaceship.png */; };
		E1B74284189597D70052D5E9 /* Images.xcassets in Resources */ = {isa = PBXBuildFile; fileRef = E1B74283189597D70052D5E9 /* Images.xcassets */; };
		E1B7428B189597D70052D5E9 /* XCTest.framework in Frameworks */ = {isa = PBXBuildFile; fileRef = E1B7428A189597D70052D5E9 /* XCTest.framework */; };
		E1B7428C189597D70052D5E9 /* Foundation.framework in Frameworks */ = {isa = PBXBuildFile; fileRef = E1B74261189597D70052D5E9 /* Foundation.framework */; };
		E1B7428D189597D70052D5E9 /* UIKit.framework in Frameworks */ = {isa = PBXBuildFile; fileRef = E1B74265189597D70052D5E9 /* UIKit.framework */; };
		E1B74295189597D70052D5E9 /* InfoPlist.strings in Resources */ = {isa = PBXBuildFile; fileRef = E1B74293189597D70052D5E9 /* InfoPlist.strings */; };
		E1B74297189597D70052D5E9 /* BlackjackTests.m in Sources */ = {isa = PBXBuildFile; fileRef = E1B74296189597D70052D5E9 /* BlackjackTests.m */; };
		E1B742B718959A140052D5E9 /* CLIColor.m in Sources */ = {isa = PBXBuildFile; fileRef = E1B742A318959A140052D5E9 /* CLIColor.m */; };
		E1B742B818959A140052D5E9 /* DDAbstractDatabaseLogger.m in Sources */ = {isa = PBXBuildFile; fileRef = E1B742A518959A140052D5E9 /* DDAbstractDatabaseLogger.m */; };
		E1B742B918959A140052D5E9 /* DDASLLogger.m in Sources */ = {isa = PBXBuildFile; fileRef = E1B742A718959A140052D5E9 /* DDASLLogger.m */; };
		E1B742BA18959A140052D5E9 /* DDFileLogger.m in Sources */ = {isa = PBXBuildFile; fileRef = E1B742A918959A140052D5E9 /* DDFileLogger.m */; };
		E1B742BB18959A140052D5E9 /* DDLog.m in Sources */ = {isa = PBXBuildFile; fileRef = E1B742AC18959A140052D5E9 /* DDLog.m */; };
		E1B742BC18959A140052D5E9 /* DDTTYLogger.m in Sources */ = {isa = PBXBuildFile; fileRef = E1B742AE18959A140052D5E9 /* DDTTYLogger.m */; };
		E1B742BD18959A140052D5E9 /* DDContextFilterLogFormatter.m in Sources */ = {isa = PBXBuildFile; fileRef = E1B742B118959A140052D5E9 /* DDContextFilterLogFormatter.m */; };
		E1B742BE18959A140052D5E9 /* DDDispatchQueueLogFormatter.m in Sources */ = {isa = PBXBuildFile; fileRef = E1B742B318959A140052D5E9 /* DDDispatchQueueLogFormatter.m */; };
		E1B742BF18959A140052D5E9 /* DDMultiFormatter.m in Sources */ = {isa = PBXBuildFile; fileRef = E1B742B518959A140052D5E9 /* DDMultiFormatter.m */; };
		E1B742C018959A140052D5E9 /* README.txt in Resources */ = {isa = PBXBuildFile; fileRef = E1B742B618959A140052D5E9 /* README.txt */; };
		E1B742D518959A590052D5E9 /* AFHTTPRequestOperation.m in Sources */ = {isa = PBXBuildFile; fileRef = E1B742C318959A590052D5E9 /* AFHTTPRequestOperation.m */; };
		E1B742D618959A590052D5E9 /* AFHTTPRequestOperationManager.m in Sources */ = {isa = PBXBuildFile; fileRef = E1B742C518959A590052D5E9 /* AFHTTPRequestOperationManager.m */; };
		E1B742D718959A590052D5E9 /* AFHTTPSessionManager.m in Sources */ = {isa = PBXBuildFile; fileRef = E1B742C718959A590052D5E9 /* AFHTTPSessionManager.m */; };
		E1B742D818959A590052D5E9 /* AFNetworkReachabilityManager.m in Sources */ = {isa = PBXBuildFile; fileRef = E1B742CA18959A590052D5E9 /* AFNetworkReachabilityManager.m */; };
		E1B742D918959A590052D5E9 /* AFSecurityPolicy.m in Sources */ = {isa = PBXBuildFile; fileRef = E1B742CC18959A590052D5E9 /* AFSecurityPolicy.m */; };
		E1B742DA18959A590052D5E9 /* AFURLConnectionOperation.m in Sources */ = {isa = PBXBuildFile; fileRef = E1B742CE18959A590052D5E9 /* AFURLConnectionOperation.m */; };
		E1B742DB18959A590052D5E9 /* AFURLRequestSerialization.m in Sources */ = {isa = PBXBuildFile; fileRef = E1B742D018959A590052D5E9 /* AFURLRequestSerialization.m */; };
		E1B742DC18959A590052D5E9 /* AFURLResponseSerialization.m in Sources */ = {isa = PBXBuildFile; fileRef = E1B742D218959A590052D5E9 /* AFURLResponseSerialization.m */; };
		E1B742DD18959A590052D5E9 /* AFURLSessionManager.m in Sources */ = {isa = PBXBuildFile; fileRef = E1B742D418959A590052D5E9 /* AFURLSessionManager.m */; };
/* End PBXBuildFile section */

/* Begin PBXContainerItemProxy section */
		E1B7428E189597D70052D5E9 /* PBXContainerItemProxy */ = {
			isa = PBXContainerItemProxy;
			containerPortal = E1B74256189597D70052D5E9 /* Project object */;
			proxyType = 1;
			remoteGlobalIDString = E1B7425D189597D70052D5E9;
			remoteInfo = Blackjack;
		};
/* End PBXContainerItemProxy section */

/* Begin PBXFileReference section */
		E1B7425E189597D70052D5E9 /* Blackjack.app */ = {isa = PBXFileReference; explicitFileType = wrapper.application; includeInIndex = 0; path = Blackjack.app; sourceTree = BUILT_PRODUCTS_DIR; };
		E1B74261189597D70052D5E9 /* Foundation.framework */ = {isa = PBXFileReference; lastKnownFileType = wrapper.framework; name = Foundation.framework; path = System/Library/Frameworks/Foundation.framework; sourceTree = SDKROOT; };
		E1B74263189597D70052D5E9 /* CoreGraphics.framework */ = {isa = PBXFileReference; lastKnownFileType = wrapper.framework; name = CoreGraphics.framework; path = System/Library/Frameworks/CoreGraphics.framework; sourceTree = SDKROOT; };
		E1B74265189597D70052D5E9 /* UIKit.framework */ = {isa = PBXFileReference; lastKnownFileType = wrapper.framework; name = UIKit.framework; path = System/Library/Frameworks/UIKit.framework; sourceTree = SDKROOT; };
		E1B74267189597D70052D5E9 /* SpriteKit.framework */ = {isa = PBXFileReference; lastKnownFileType = wrapper.framework; name = SpriteKit.framework; path = System/Library/Frameworks/SpriteKit.framework; sourceTree = SDKROOT; };
		E1B7426B189597D70052D5E9 /* Blackjack-Info.plist */ = {isa = PBXFileReference; lastKnownFileType = text.plist.xml; path = "Blackjack-Info.plist"; sourceTree = "<group>"; };
		E1B7426D189597D70052D5E9 /* en */ = {isa = PBXFileReference; lastKnownFileType = text.plist.strings; name = en; path = en.lproj/InfoPlist.strings; sourceTree = "<group>"; };
		E1B7426F189597D70052D5E9 /* main.m */ = {isa = PBXFileReference; lastKnownFileType = sourcecode.c.objc; path = main.m; sourceTree = "<group>"; };
		E1B74271189597D70052D5E9 /* Blackjack-Prefix.pch */ = {isa = PBXFileReference; lastKnownFileType = sourcecode.c.h; path = "Blackjack-Prefix.pch"; sourceTree = "<group>"; };
		E1B74272189597D70052D5E9 /* AppDelegate.h */ = {isa = PBXFileReference; lastKnownFileType = sourcecode.c.h; path = AppDelegate.h; sourceTree = "<group>"; };
		E1B74273189597D70052D5E9 /* AppDelegate.m */ = {isa = PBXFileReference; lastKnownFileType = sourcecode.c.objc; path = AppDelegate.m; sourceTree = "<group>"; };
		E1B74276189597D70052D5E9 /* Base */ = {isa = PBXFileReference; lastKnownFileType = file.storyboard; name = Base; path = Base.lproj/Main_iPhone.storyboard; sourceTree = "<group>"; };
		E1B74279189597D70052D5E9 /* Base */ = {isa = PBXFileReference; lastKnownFileType = file.storyboard; name = Base; path = Base.lproj/Main_iPad.storyboard; sourceTree = "<group>"; };
		E1B7427B189597D70052D5E9 /* ViewController.h */ = {isa = PBXFileReference; lastKnownFileType = sourcecode.c.h; path = ViewController.h; sourceTree = "<group>"; };
		E1B7427C189597D70052D5E9 /* ViewController.m */ = {isa = PBXFileReference; lastKnownFileType = sourcecode.c.objc; path = ViewController.m; sourceTree = "<group>"; };
		E1B7427E189597D70052D5E9 /* MyScene.h */ = {isa = PBXFileReference; lastKnownFileType = sourcecode.c.h; path = MyScene.h; sourceTree = "<group>"; };
		E1B7427F189597D70052D5E9 /* MyScene.m */ = {isa = PBXFileReference; lastKnownFileType = sourcecode.c.objc; path = MyScene.m; sourceTree = "<group>"; };
		E1B74281189597D70052D5E9 /* Spaceship.png */ = {isa = PBXFileReference; lastKnownFileType = image.png; path = Spaceship.png; sourceTree = "<group>"; };
		E1B74283189597D70052D5E9 /* Images.xcassets */ = {isa = PBXFileReference; lastKnownFileType = folder.assetcatalog; path = Images.xcassets; sourceTree = "<group>"; };
		E1B74289189597D70052D5E9 /* BlackjackTests.xctest */ = {isa = PBXFileReference; explicitFileType = wrapper.cfbundle; includeInIndex = 0; path = BlackjackTests.xctest; sourceTree = BUILT_PRODUCTS_DIR; };
		E1B7428A189597D70052D5E9 /* XCTest.framework */ = {isa = PBXFileReference; lastKnownFileType = wrapper.framework; name = XCTest.framework; path = Library/Frameworks/XCTest.framework; sourceTree = DEVELOPER_DIR; };
		E1B74292189597D70052D5E9 /* BlackjackTests-Info.plist */ = {isa = PBXFileReference; lastKnownFileType = text.plist.xml; path = "BlackjackTests-Info.plist"; sourceTree = "<group>"; };
		E1B74294189597D70052D5E9 /* en */ = {isa = PBXFileReference; lastKnownFileType = text.plist.strings; name = en; path = en.lproj/InfoPlist.strings; sourceTree = "<group>"; };
		E1B74296189597D70052D5E9 /* BlackjackTests.m */ = {isa = PBXFileReference; lastKnownFileType = sourcecode.c.objc; path = BlackjackTests.m; sourceTree = "<group>"; };
		E1B742A218959A140052D5E9 /* CLIColor.h */ = {isa = PBXFileReference; fileEncoding = 4; lastKnownFileType = sourcecode.c.h; path = CLIColor.h; sourceTree = "<group>"; };
		E1B742A318959A140052D5E9 /* CLIColor.m */ = {isa = PBXFileReference; fileEncoding = 4; lastKnownFileType = sourcecode.c.objc; path = CLIColor.m; sourceTree = "<group>"; };
		E1B742A418959A140052D5E9 /* DDAbstractDatabaseLogger.h */ = {isa = PBXFileReference; fileEncoding = 4; lastKnownFileType = sourcecode.c.h; path = DDAbstractDatabaseLogger.h; sourceTree = "<group>"; };
		E1B742A518959A140052D5E9 /* DDAbstractDatabaseLogger.m */ = {isa = PBXFileReference; fileEncoding = 4; lastKnownFileType = sourcecode.c.objc; path = DDAbstractDatabaseLogger.m; sourceTree = "<group>"; };
		E1B742A618959A140052D5E9 /* DDASLLogger.h */ = {isa = PBXFileReference; fileEncoding = 4; lastKnownFileType = sourcecode.c.h; path = DDASLLogger.h; sourceTree = "<group>"; };
		E1B742A718959A140052D5E9 /* DDASLLogger.m */ = {isa = PBXFileReference; fileEncoding = 4; lastKnownFileType = sourcecode.c.objc; path = DDASLLogger.m; sourceTree = "<group>"; };
		E1B742A818959A140052D5E9 /* DDFileLogger.h */ = {isa = PBXFileReference; fileEncoding = 4; lastKnownFileType = sourcecode.c.h; path = DDFileLogger.h; sourceTree = "<group>"; };
		E1B742A918959A140052D5E9 /* DDFileLogger.m */ = {isa = PBXFileReference; fileEncoding = 4; lastKnownFileType = sourcecode.c.objc; path = DDFileLogger.m; sourceTree = "<group>"; };
		E1B742AA18959A140052D5E9 /* DDLog+LOGV.h */ = {isa = PBXFileReference; fileEncoding = 4; lastKnownFileType = sourcecode.c.h; path = "DDLog+LOGV.h"; sourceTree = "<group>"; };
		E1B742AB18959A140052D5E9 /* DDLog.h */ = {isa = PBXFileReference; fileEncoding = 4; lastKnownFileType = sourcecode.c.h; path = DDLog.h; sourceTree = "<group>"; };
		E1B742AC18959A140052D5E9 /* DDLog.m */ = {isa = PBXFileReference; fileEncoding = 4; lastKnownFileType = sourcecode.c.objc; path = DDLog.m; sourceTree = "<group>"; };
		E1B742AD18959A140052D5E9 /* DDTTYLogger.h */ = {isa = PBXFileReference; fileEncoding = 4; lastKnownFileType = sourcecode.c.h; path = DDTTYLogger.h; sourceTree = "<group>"; };
		E1B742AE18959A140052D5E9 /* DDTTYLogger.m */ = {isa = PBXFileReference; fileEncoding = 4; lastKnownFileType = sourcecode.c.objc; path = DDTTYLogger.m; sourceTree = "<group>"; };
		E1B742B018959A140052D5E9 /* DDContextFilterLogFormatter.h */ = {isa = PBXFileReference; fileEncoding = 4; lastKnownFileType = sourcecode.c.h; path = DDContextFilterLogFormatter.h; sourceTree = "<group>"; };
		E1B742B118959A140052D5E9 /* DDContextFilterLogFormatter.m */ = {isa = PBXFileReference; fileEncoding = 4; lastKnownFileType = sourcecode.c.objc; path = DDContextFilterLogFormatter.m; sourceTree = "<group>"; };
		E1B742B218959A140052D5E9 /* DDDispatchQueueLogFormatter.h */ = {isa = PBXFileReference; fileEncoding = 4; lastKnownFileType = sourcecode.c.h; path = DDDispatchQueueLogFormatter.h; sourceTree = "<group>"; };
		E1B742B318959A140052D5E9 /* DDDispatchQueueLogFormatter.m */ = {isa = PBXFileReference; fileEncoding = 4; lastKnownFileType = sourcecode.c.objc; path = DDDispatchQueueLogFormatter.m; sourceTree = "<group>"; };
		E1B742B418959A140052D5E9 /* DDMultiFormatter.h */ = {isa = PBXFileReference; fileEncoding = 4; lastKnownFileType = sourcecode.c.h; path = DDMultiFormatter.h; sourceTree = "<group>"; };
		E1B742B518959A140052D5E9 /* DDMultiFormatter.m */ = {isa = PBXFileReference; fileEncoding = 4; lastKnownFileType = sourcecode.c.objc; path = DDMultiFormatter.m; sourceTree = "<group>"; };
		E1B742B618959A140052D5E9 /* README.txt */ = {isa = PBXFileReference; fileEncoding = 4; lastKnownFileType = text; path = README.txt; sourceTree = "<group>"; };
		E1B742C218959A590052D5E9 /* AFHTTPRequestOperation.h */ = {isa = PBXFileReference; fileEncoding = 4; lastKnownFileType = sourcecode.c.h; path = AFHTTPRequestOperation.h; sourceTree = "<group>"; };
		E1B742C318959A590052D5E9 /* AFHTTPRequestOperation.m */ = {isa = PBXFileReference; fileEncoding = 4; lastKnownFileType = sourcecode.c.objc; path = AFHTTPRequestOperation.m; sourceTree = "<group>"; };
		E1B742C418959A590052D5E9 /* AFHTTPRequestOperationManager.h */ = {isa = PBXFileReference; fileEncoding = 4; lastKnownFileType = sourcecode.c.h; path = AFHTTPRequestOperationManager.h; sourceTree = "<group>"; };
		E1B742C518959A590052D5E9 /* AFHTTPRequestOperationManager.m */ = {isa = PBXFileReference; fileEncoding = 4; lastKnownFileType = sourcecode.c.objc; path = AFHTTPRequestOperationManager.m; sourceTree = "<group>"; };
		E1B742C618959A590052D5E9 /* AFHTTPSessionManager.h */ = {isa = PBXFileReference; fileEncoding = 4; lastKnownFileType = sourcecode.c.h; path = AFHTTPSessionManager.h; sourceTree = "<group>"; };
		E1B742C718959A590052D5E9 /* AFHTTPSessionManager.m */ = {isa = PBXFileReference; fileEncoding = 4; lastKnownFileType = sourcecode.c.objc; path = AFHTTPSessionManager.m; sourceTree = "<group>"; };
		E1B742C818959A590052D5E9 /* AFNetworking.h */ = {isa = PBXFileReference; fileEncoding = 4; lastKnownFileType = sourcecode.c.h; path = AFNetworking.h; sourceTree = "<group>"; };
		E1B742C918959A590052D5E9 /* AFNetworkReachabilityManager.h */ = {isa = PBXFileReference; fileEncoding = 4; lastKnownFileType = sourcecode.c.h; path = AFNetworkReachabilityManager.h; sourceTree = "<group>"; };
		E1B742CA18959A590052D5E9 /* AFNetworkReachabilityManager.m */ = {isa = PBXFileReference; fileEncoding = 4; lastKnownFileType = sourcecode.c.objc; path = AFNetworkReachabilityManager.m; sourceTree = "<group>"; };
		E1B742CB18959A590052D5E9 /* AFSecurityPolicy.h */ = {isa = PBXFileReference; fileEncoding = 4; lastKnownFileType = sourcecode.c.h; path = AFSecurityPolicy.h; sourceTree = "<group>"; };
		E1B742CC18959A590052D5E9 /* AFSecurityPolicy.m */ = {isa = PBXFileReference; fileEncoding = 4; lastKnownFileType = sourcecode.c.objc; path = AFSecurityPolicy.m; sourceTree = "<group>"; };
		E1B742CD18959A590052D5E9 /* AFURLConnectionOperation.h */ = {isa = PBXFileReference; fileEncoding = 4; lastKnownFileType = sourcecode.c.h; path = AFURLConnectionOperation.h; sourceTree = "<group>"; };
		E1B742CE18959A590052D5E9 /* AFURLConnectionOperation.m */ = {isa = PBXFileReference; fileEncoding = 4; lastKnownFileType = sourcecode.c.objc; path = AFURLConnectionOperation.m; sourceTree = "<group>"; };
		E1B742CF18959A590052D5E9 /* AFURLRequestSerialization.h */ = {isa = PBXFileReference; fileEncoding = 4; lastKnownFileType = sourcecode.c.h; path = AFURLRequestSerialization.h; sourceTree = "<group>"; };
		E1B742D018959A590052D5E9 /* AFURLRequestSerialization.m */ = {isa = PBXFileReference; fileEncoding = 4; lastKnownFileType = sourcecode.c.objc; path = AFURLRequestSerialization.m; sourceTree = "<group>"; };
		E1B742D118959A590052D5E9 /* AFURLResponseSerialization.h */ = {isa = PBXFileReference; fileEncoding = 4; lastKnownFileType = sourcecode.c.h; path = AFURLResponseSerialization.h; sourceTree = "<group>"; };
		E1B742D218959A590052D5E9 /* AFURLResponseSerialization.m */ = {isa = PBXFileReference; fileEncoding = 4; lastKnownFileType = sourcecode.c.objc; path = AFURLResponseSerialization.m; sourceTree = "<group>"; };
		E1B742D318959A590052D5E9 /* AFURLSessionManager.h */ = {isa = PBXFileReference; fileEncoding = 4; lastKnownFileType = sourcecode.c.h; path = AFURLSessionManager.h; sourceTree = "<group>"; };
		E1B742D418959A590052D5E9 /* AFURLSessionManager.m */ = {isa = PBXFileReference; fileEncoding = 4; lastKnownFileType = sourcecode.c.objc; path = AFURLSessionManager.m; sourceTree = "<group>"; };
/* End PBXFileReference section */

/* Begin PBXFrameworksBuildPhase section */
		E1B7425B189597D70052D5E9 /* Frameworks */ = {
			isa = PBXFrameworksBuildPhase;
			buildActionMask = 2147483647;
			files = (
				E1B74264189597D70052D5E9 /* CoreGraphics.framework in Frameworks */,
				E1B74266189597D70052D5E9 /* UIKit.framework in Frameworks */,
				E1B74268189597D70052D5E9 /* SpriteKit.framework in Frameworks */,
				E1B74262189597D70052D5E9 /* Foundation.framework in Frameworks */,
			);
			runOnlyForDeploymentPostprocessing = 0;
		};
		E1B74286189597D70052D5E9 /* Frameworks */ = {
			isa = PBXFrameworksBuildPhase;
			buildActionMask = 2147483647;
			files = (
				E1B7428B189597D70052D5E9 /* XCTest.framework in Frameworks */,
				E1B7428D189597D70052D5E9 /* UIKit.framework in Frameworks */,
				E1B7428C189597D70052D5E9 /* Foundation.framework in Frameworks */,
			);
			runOnlyForDeploymentPostprocessing = 0;
		};
/* End PBXFrameworksBuildPhase section */

/* Begin PBXGroup section */
		E1B74255189597D70052D5E9 = {
			isa = PBXGroup;
			children = (
				E1B74269189597D70052D5E9 /* Blackjack */,
				E1B74290189597D70052D5E9 /* BlackjackTests */,
				E1B74260189597D70052D5E9 /* Frameworks */,
				E1B7425F189597D70052D5E9 /* Products */,
			);
			sourceTree = "<group>";
		};
		E1B7425F189597D70052D5E9 /* Products */ = {
			isa = PBXGroup;
			children = (
				E1B7425E189597D70052D5E9 /* Blackjack.app */,
				E1B74289189597D70052D5E9 /* BlackjackTests.xctest */,
			);
			name = Products;
			sourceTree = "<group>";
		};
		E1B74260189597D70052D5E9 /* Frameworks */ = {
			isa = PBXGroup;
			children = (
				E1B74261189597D70052D5E9 /* Foundation.framework */,
				E1B74263189597D70052D5E9 /* CoreGraphics.framework */,
				E1B74265189597D70052D5E9 /* UIKit.framework */,
				E1B74267189597D70052D5E9 /* SpriteKit.framework */,
				E1B7428A189597D70052D5E9 /* XCTest.framework */,
			);
			name = Frameworks;
			sourceTree = "<group>";
		};
		E1B74269189597D70052D5E9 /* Blackjack */ = {
			isa = PBXGroup;
			children = (
				E1B742C118959A590052D5E9 /* AFNetworking */,
				E1B742A018959A140052D5E9 /* Lumberjack */,
				E1B74272189597D70052D5E9 /* AppDelegate.h */,
				E1B74273189597D70052D5E9 /* AppDelegate.m */,
				E1B74275189597D70052D5E9 /* Main_iPhone.storyboard */,
				E1B74278189597D70052D5E9 /* Main_iPad.storyboard */,
				E1B7427B189597D70052D5E9 /* ViewController.h */,
				E1B7427C189597D70052D5E9 /* ViewController.m */,
				E1B7427E189597D70052D5E9 /* MyScene.h */,
				E1B7427F189597D70052D5E9 /* MyScene.m */,
				E1B74281189597D70052D5E9 /* Spaceship.png */,
				E1B74283189597D70052D5E9 /* Images.xcassets */,
				E1B7426A189597D70052D5E9 /* Supporting Files */,
			);
			path = Blackjack;
			sourceTree = "<group>";
		};
		E1B7426A189597D70052D5E9 /* Supporting Files */ = {
			isa = PBXGroup;
			children = (
				E1B7426B189597D70052D5E9 /* Blackjack-Info.plist */,
				E1B7426C189597D70052D5E9 /* InfoPlist.strings */,
				E1B7426F189597D70052D5E9 /* main.m */,
				E1B74271189597D70052D5E9 /* Blackjack-Prefix.pch */,
			);
			name = "Supporting Files";
			sourceTree = "<group>";
		};
		E1B74290189597D70052D5E9 /* BlackjackTests */ = {
			isa = PBXGroup;
			children = (
				E1B74296189597D70052D5E9 /* BlackjackTests.m */,
				E1B74291189597D70052D5E9 /* Supporting Files */,
			);
			path = BlackjackTests;
			sourceTree = "<group>";
		};
		E1B74291189597D70052D5E9 /* Supporting Files */ = {
			isa = PBXGroup;
			children = (
				E1B74292189597D70052D5E9 /* BlackjackTests-Info.plist */,
				E1B74293189597D70052D5E9 /* InfoPlist.strings */,
			);
			name = "Supporting Files";
			sourceTree = "<group>";
		};
		E1B742A018959A140052D5E9 /* Lumberjack */ = {
			isa = PBXGroup;
			children = (
				E1B742A118959A140052D5E9 /* CLI */,
				E1B742A418959A140052D5E9 /* DDAbstractDatabaseLogger.h */,
				E1B742A518959A140052D5E9 /* DDAbstractDatabaseLogger.m */,
				E1B742A618959A140052D5E9 /* DDASLLogger.h */,
				E1B742A718959A140052D5E9 /* DDASLLogger.m */,
				E1B742A818959A140052D5E9 /* DDFileLogger.h */,
				E1B742A918959A140052D5E9 /* DDFileLogger.m */,
				E1B742AA18959A140052D5E9 /* DDLog+LOGV.h */,
				E1B742AB18959A140052D5E9 /* DDLog.h */,
				E1B742AC18959A140052D5E9 /* DDLog.m */,
				E1B742AD18959A140052D5E9 /* DDTTYLogger.h */,
				E1B742AE18959A140052D5E9 /* DDTTYLogger.m */,
				E1B742AF18959A140052D5E9 /* Extensions */,
			);
			path = Lumberjack;
			sourceTree = "<group>";
		};
		E1B742A118959A140052D5E9 /* CLI */ = {
			isa = PBXGroup;
			children = (
				E1B742A218959A140052D5E9 /* CLIColor.h */,
				E1B742A318959A140052D5E9 /* CLIColor.m */,
			);
			path = CLI;
			sourceTree = "<group>";
		};
		E1B742AF18959A140052D5E9 /* Extensions */ = {
			isa = PBXGroup;
			children = (
				E1B742B018959A140052D5E9 /* DDContextFilterLogFormatter.h */,
				E1B742B118959A140052D5E9 /* DDContextFilterLogFormatter.m */,
				E1B742B218959A140052D5E9 /* DDDispatchQueueLogFormatter.h */,
				E1B742B318959A140052D5E9 /* DDDispatchQueueLogFormatter.m */,
				E1B742B418959A140052D5E9 /* DDMultiFormatter.h */,
				E1B742B518959A140052D5E9 /* DDMultiFormatter.m */,
				E1B742B618959A140052D5E9 /* README.txt */,
			);
			path = Extensions;
			sourceTree = "<group>";
		};
		E1B742C118959A590052D5E9 /* AFNetworking */ = {
			isa = PBXGroup;
			children = (
				E1B742C218959A590052D5E9 /* AFHTTPRequestOperation.h */,
				E1B742C318959A590052D5E9 /* AFHTTPRequestOperation.m */,
				E1B742C418959A590052D5E9 /* AFHTTPRequestOperationManager.h */,
				E1B742C518959A590052D5E9 /* AFHTTPRequestOperationManager.m */,
				E1B742C618959A590052D5E9 /* AFHTTPSessionManager.h */,
				E1B742C718959A590052D5E9 /* AFHTTPSessionManager.m */,
				E1B742C818959A590052D5E9 /* AFNetworking.h */,
				E1B742C918959A590052D5E9 /* AFNetworkReachabilityManager.h */,
				E1B742CA18959A590052D5E9 /* AFNetworkReachabilityManager.m */,
				E1B742CB18959A590052D5E9 /* AFSecurityPolicy.h */,
				E1B742CC18959A590052D5E9 /* AFSecurityPolicy.m */,
				E1B742CD18959A590052D5E9 /* AFURLConnectionOperation.h */,
				E1B742CE18959A590052D5E9 /* AFURLConnectionOperation.m */,
				E1B742CF18959A590052D5E9 /* AFURLRequestSerialization.h */,
				E1B742D018959A590052D5E9 /* AFURLRequestSerialization.m */,
				E1B742D118959A590052D5E9 /* AFURLResponseSerialization.h */,
				E1B742D218959A590052D5E9 /* AFURLResponseSerialization.m */,
				E1B742D318959A590052D5E9 /* AFURLSessionManager.h */,
				E1B742D418959A590052D5E9 /* AFURLSessionManager.m */,
			);
			path = AFNetworking;
			sourceTree = "<group>";
		};
/* End PBXGroup section */

/* Begin PBXNativeTarget section */
		E1B7425D189597D70052D5E9 /* Blackjack */ = {
			isa = PBXNativeTarget;
			buildConfigurationList = E1B7429A189597D70052D5E9 /* Build configuration list for PBXNativeTarget "Blackjack" */;
			buildPhases = (
				E1B7425A189597D70052D5E9 /* Sources */,
				E1B7425B189597D70052D5E9 /* Frameworks */,
				E1B7425C189597D70052D5E9 /* Resources */,
			);
			buildRules = (
			);
			dependencies = (
			);
			name = Blackjack;
			productName = Blackjack;
			productReference = E1B7425E189597D70052D5E9 /* Blackjack.app */;
			productType = "com.apple.product-type.application";
		};
		E1B74288189597D70052D5E9 /* BlackjackTests */ = {
			isa = PBXNativeTarget;
			buildConfigurationList = E1B7429D189597D70052D5E9 /* Build configuration list for PBXNativeTarget "BlackjackTests" */;
			buildPhases = (
				E1B74285189597D70052D5E9 /* Sources */,
				E1B74286189597D70052D5E9 /* Frameworks */,
				E1B74287189597D70052D5E9 /* Resources */,
			);
			buildRules = (
			);
			dependencies = (
				E1B7428F189597D70052D5E9 /* PBXTargetDependency */,
			);
			name = BlackjackTests;
			productName = BlackjackTests;
			productReference = E1B74289189597D70052D5E9 /* BlackjackTests.xctest */;
			productType = "com.apple.product-type.bundle.unit-test";
		};
/* End PBXNativeTarget section */

/* Begin PBXProject section */
		E1B74256189597D70052D5E9 /* Project object */ = {
			isa = PBXProject;
			attributes = {
				LastUpgradeCheck = 0500;
				ORGANIZATIONNAME = brianwagner;
				TargetAttributes = {
					E1B74288189597D70052D5E9 = {
						TestTargetID = E1B7425D189597D70052D5E9;
					};
				};
			};
			buildConfigurationList = E1B74259189597D70052D5E9 /* Build configuration list for PBXProject "Blackjack" */;
			compatibilityVersion = "Xcode 3.2";
			developmentRegion = English;
			hasScannedForEncodings = 0;
			knownRegions = (
				en,
				Base,
			);
			mainGroup = E1B74255189597D70052D5E9;
			productRefGroup = E1B7425F189597D70052D5E9 /* Products */;
			projectDirPath = "";
			projectRoot = "";
			targets = (
				E1B7425D189597D70052D5E9 /* Blackjack */,
				E1B74288189597D70052D5E9 /* BlackjackTests */,
			);
		};
/* End PBXProject section */

/* Begin PBXResourcesBuildPhase section */
		E1B7425C189597D70052D5E9 /* Resources */ = {
			isa = PBXResourcesBuildPhase;
			buildActionMask = 2147483647;
			files = (
				E1B74282189597D70052D5E9 /* Spaceship.png in Resources */,
				E1B74284189597D70052D5E9 /* Images.xcassets in Resources */,
				E1B7427A189597D70052D5E9 /* Main_iPad.storyboard in Resources */,
				E1B74277189597D70052D5E9 /* Main_iPhone.storyboard in Resources */,
				E1B742C018959A140052D5E9 /* README.txt in Resources */,
				E1B7426E189597D70052D5E9 /* InfoPlist.strings in Resources */,
			);
			runOnlyForDeploymentPostprocessing = 0;
		};
		E1B74287189597D70052D5E9 /* Resources */ = {
			isa = PBXResourcesBuildPhase;
			buildActionMask = 2147483647;
			files = (
				E1B74295189597D70052D5E9 /* InfoPlist.strings in Resources */,
			);
			runOnlyForDeploymentPostprocessing = 0;
		};
/* End PBXResourcesBuildPhase section */

/* Begin PBXSourcesBuildPhase section */
		E1B7425A189597D70052D5E9 /* Sources */ = {
			isa = PBXSourcesBuildPhase;
			buildActionMask = 2147483647;
			files = (
				E1B74280189597D70052D5E9 /* MyScene.m in Sources */,
				E1B742BC18959A140052D5E9 /* DDTTYLogger.m in Sources */,
				E1B742D618959A590052D5E9 /* AFHTTPRequestOperationManager.m in Sources */,
				E1B742BA18959A140052D5E9 /* DDFileLogger.m in Sources */,
				E1B742DA18959A590052D5E9 /* AFURLConnectionOperation.m in Sources */,
				E1B742BD18959A140052D5E9 /* DDContextFilterLogFormatter.m in Sources */,
				E1B7427D189597D70052D5E9 /* ViewController.m in Sources */,
				E1B742DB18959A590052D5E9 /* AFURLRequestSerialization.m in Sources */,
				E1B742B818959A140052D5E9 /* DDAbstractDatabaseLogger.m in Sources */,
				E1B742D718959A590052D5E9 /* AFHTTPSessionManager.m in Sources */,
				E1B742D518959A590052D5E9 /* AFHTTPRequestOperation.m in Sources */,
				E1B74274189597D70052D5E9 /* AppDelegate.m in Sources */,
				E1B742D918959A590052D5E9 /* AFSecurityPolicy.m in Sources */,
				E1B742BF18959A140052D5E9 /* DDMultiFormatter.m in Sources */,
				E1B742D818959A590052D5E9 /* AFNetworkReachabilityManager.m in Sources */,
				E1B742DD18959A590052D5E9 /* AFURLSessionManager.m in Sources */,
				E1B742B718959A140052D5E9 /* CLIColor.m in Sources */,
				E1B742BB18959A140052D5E9 /* DDLog.m in Sources */,
				E1B742B918959A140052D5E9 /* DDASLLogger.m in Sources */,
				E1B74270189597D70052D5E9 /* main.m in Sources */,
				E1B742DC18959A590052D5E9 /* AFURLResponseSerialization.m in Sources */,
				E1B742BE18959A140052D5E9 /* DDDispatchQueueLogFormatter.m in Sources */,
			);
			runOnlyForDeploymentPostprocessing = 0;
		};
		E1B74285189597D70052D5E9 /* Sources */ = {
			isa = PBXSourcesBuildPhase;
			buildActionMask = 2147483647;
			files = (
				E1B74297189597D70052D5E9 /* BlackjackTests.m in Sources */,
			);
			runOnlyForDeploymentPostprocessing = 0;
		};
/* End PBXSourcesBuildPhase section */

/* Begin PBXTargetDependency section */
		E1B7428F189597D70052D5E9 /* PBXTargetDependency */ = {
			isa = PBXTargetDependency;
			target = E1B7425D189597D70052D5E9 /* Blackjack */;
			targetProxy = E1B7428E189597D70052D5E9 /* PBXContainerItemProxy */;
		};
/* End PBXTargetDependency section */

/* Begin PBXVariantGroup section */
		E1B7426C189597D70052D5E9 /* InfoPlist.strings */ = {
			isa = PBXVariantGroup;
			children = (
				E1B7426D189597D70052D5E9 /* en */,
			);
			name = InfoPlist.strings;
			sourceTree = "<group>";
		};
		E1B74275189597D70052D5E9 /* Main_iPhone.storyboard */ = {
			isa = PBXVariantGroup;
			children = (
				E1B74276189597D70052D5E9 /* Base */,
			);
			name = Main_iPhone.storyboard;
			sourceTree = "<group>";
		};
		E1B74278189597D70052D5E9 /* Main_iPad.storyboard */ = {
			isa = PBXVariantGroup;
			children = (
				E1B74279189597D70052D5E9 /* Base */,
			);
			name = Main_iPad.storyboard;
			sourceTree = "<group>";
		};
		E1B74293189597D70052D5E9 /* InfoPlist.strings */ = {
			isa = PBXVariantGroup;
			children = (
				E1B74294189597D70052D5E9 /* en */,
			);
			name = InfoPlist.strings;
			sourceTree = "<group>";
		};
/* End PBXVariantGroup section */

/* Begin XCBuildConfiguration section */
		E1B74298189597D70052D5E9 /* Debug */ = {
			isa = XCBuildConfiguration;
			buildSettings = {
				ALWAYS_SEARCH_USER_PATHS = NO;
				ARCHS = "$(ARCHS_STANDARD_INCLUDING_64_BIT)";
				CLANG_CXX_LANGUAGE_STANDARD = "gnu++0x";
				CLANG_CXX_LIBRARY = "libc++";
				CLANG_ENABLE_MODULES = YES;
				CLANG_ENABLE_OBJC_ARC = YES;
				CLANG_WARN_BOOL_CONVERSION = YES;
				CLANG_WARN_CONSTANT_CONVERSION = YES;
				CLANG_WARN_DIRECT_OBJC_ISA_USAGE = YES_ERROR;
				CLANG_WARN_EMPTY_BODY = YES;
				CLANG_WARN_ENUM_CONVERSION = YES;
				CLANG_WARN_INT_CONVERSION = YES;
				CLANG_WARN_OBJC_ROOT_CLASS = YES_ERROR;
				CLANG_WARN__DUPLICATE_METHOD_MATCH = YES;
				"CODE_SIGN_IDENTITY[sdk=iphoneos*]" = "iPhone Developer";
				COPY_PHASE_STRIP = NO;
				GCC_C_LANGUAGE_STANDARD = gnu99;
				GCC_DYNAMIC_NO_PIC = NO;
				GCC_OPTIMIZATION_LEVEL = 0;
				GCC_PREPROCESSOR_DEFINITIONS = (
					"DEBUG=1",
					"$(inherited)",
				);
				GCC_SYMBOLS_PRIVATE_EXTERN = NO;
				GCC_WARN_64_TO_32_BIT_CONVERSION = YES;
				GCC_WARN_ABOUT_RETURN_TYPE = YES_ERROR;
				GCC_WARN_UNDECLARED_SELECTOR = YES;
				GCC_WARN_UNINITIALIZED_AUTOS = YES;
				GCC_WARN_UNUSED_FUNCTION = YES;
				GCC_WARN_UNUSED_VARIABLE = YES;
				IPHONEOS_DEPLOYMENT_TARGET = 7.0;
				ONLY_ACTIVE_ARCH = YES;
				SDKROOT = iphoneos;
				TARGETED_DEVICE_FAMILY = "1,2";
			};
			name = Debug;
		};
		E1B74299189597D70052D5E9 /* Release */ = {
			isa = XCBuildConfiguration;
			buildSettings = {
				ALWAYS_SEARCH_USER_PATHS = NO;
				ARCHS = "$(ARCHS_STANDARD_INCLUDING_64_BIT)";
				CLANG_CXX_LANGUAGE_STANDARD = "gnu++0x";
				CLANG_CXX_LIBRARY = "libc++";
				CLANG_ENABLE_MODULES = YES;
				CLANG_ENABLE_OBJC_ARC = YES;
				CLANG_WARN_BOOL_CONVERSION = YES;
				CLANG_WARN_CONSTANT_CONVERSION = YES;
				CLANG_WARN_DIRECT_OBJC_ISA_USAGE = YES_ERROR;
				CLANG_WARN_EMPTY_BODY = YES;
				CLANG_WARN_ENUM_CONVERSION = YES;
				CLANG_WARN_INT_CONVERSION = YES;
				CLANG_WARN_OBJC_ROOT_CLASS = YES_ERROR;
				CLANG_WARN__DUPLICATE_METHOD_MATCH = YES;
				"CODE_SIGN_IDENTITY[sdk=iphoneos*]" = "iPhone Developer";
				COPY_PHASE_STRIP = YES;
				ENABLE_NS_ASSERTIONS = NO;
				GCC_C_LANGUAGE_STANDARD = gnu99;
				GCC_WARN_64_TO_32_BIT_CONVERSION = YES;
				GCC_WARN_ABOUT_RETURN_TYPE = YES_ERROR;
				GCC_WARN_UNDECLARED_SELECTOR = YES;
				GCC_WARN_UNINITIALIZED_AUTOS = YES;
				GCC_WARN_UNUSED_FUNCTION = YES;
				GCC_WARN_UNUSED_VARIABLE = YES;
				IPHONEOS_DEPLOYMENT_TARGET = 7.0;
				SDKROOT = iphoneos;
				TARGETED_DEVICE_FAMILY = "1,2";
				VALIDATE_PRODUCT = YES;
			};
			name = Release;
		};
		E1B7429B189597D70052D5E9 /* Debug */ = {
			isa = XCBuildConfiguration;
			buildSettings = {
				ASSETCATALOG_COMPILER_APPICON_NAME = AppIcon;
				ASSETCATALOG_COMPILER_LAUNCHIMAGE_NAME = LaunchImage;
				GCC_PRECOMPILE_PREFIX_HEADER = YES;
				GCC_PREFIX_HEADER = "Blackjack/Blackjack-Prefix.pch";
				INFOPLIST_FILE = "Blackjack/Blackjack-Info.plist";
				PRODUCT_NAME = "$(TARGET_NAME)";
				SPRITEKIT_TEXTURE_ATLAS_OUTPUT = YES;
				WRAPPER_EXTENSION = app;
			};
			name = Debug;
		};
		E1B7429C189597D70052D5E9 /* Release */ = {
			isa = XCBuildConfiguration;
			buildSettings = {
				ASSETCATALOG_COMPILER_APPICON_NAME = AppIcon;
				ASSETCATALOG_COMPILER_LAUNCHIMAGE_NAME = LaunchImage;
				GCC_PRECOMPILE_PREFIX_HEADER = YES;
				GCC_PREFIX_HEADER = "Blackjack/Blackjack-Prefix.pch";
				INFOPLIST_FILE = "Blackjack/Blackjack-Info.plist";
				PRODUCT_NAME = "$(TARGET_NAME)";
				SPRITEKIT_TEXTURE_ATLAS_OUTPUT = YES;
				WRAPPER_EXTENSION = app;
			};
			name = Release;
		};
		E1B7429E189597D70052D5E9 /* Debug */ = {
			isa = XCBuildConfiguration;
			buildSettings = {
				ARCHS = "$(ARCHS_STANDARD_INCLUDING_64_BIT)";
				BUNDLE_LOADER = "$(BUILT_PRODUCTS_DIR)/Blackjack.app/Blackjack";
				FRAMEWORK_SEARCH_PATHS = (
					"$(SDKROOT)/Developer/Library/Frameworks",
					"$(inherited)",
					"$(DEVELOPER_FRAMEWORKS_DIR)",
				);
				GCC_PRECOMPILE_PREFIX_HEADER = YES;
				GCC_PREFIX_HEADER = "Blackjack/Blackjack-Prefix.pch";
				GCC_PREPROCESSOR_DEFINITIONS = (
					"DEBUG=1",
					"$(inherited)",
				);
				INFOPLIST_FILE = "BlackjackTests/BlackjackTests-Info.plist";
				PRODUCT_NAME = "$(TARGET_NAME)";
				TEST_HOST = "$(BUNDLE_LOADER)";
				WRAPPER_EXTENSION = xctest;
			};
			name = Debug;
		};
		E1B7429F189597D70052D5E9 /* Release */ = {
			isa = XCBuildConfiguration;
			buildSettings = {
				ARCHS = "$(ARCHS_STANDARD_INCLUDING_64_BIT)";
				BUNDLE_LOADER = "$(BUILT_PRODUCTS_DIR)/Blackjack.app/Blackjack";
				FRAMEWORK_SEARCH_PATHS = (
					"$(SDKROOT)/Developer/Library/Frameworks",
					"$(inherited)",
					"$(DEVELOPER_FRAMEWORKS_DIR)",
				);
				GCC_PRECOMPILE_PREFIX_HEADER = YES;
				GCC_PREFIX_HEADER = "Blackjack/Blackjack-Prefix.pch";
				INFOPLIST_FILE = "BlackjackTests/BlackjackTests-Info.plist";
				PRODUCT_NAME = "$(TARGET_NAME)";
				TEST_HOST = "$(BUNDLE_LOADER)";
				WRAPPER_EXTENSION = xctest;
			};
			name = Release;
		};
/* End XCBuildConfiguration section */

/* Begin XCConfigurationList section */
		E1B74259189597D70052D5E9 /* Build configuration list for PBXProject "Blackjack" */ = {
			isa = XCConfigurationList;
			buildConfigurations = (
				E1B74298189597D70052D5E9 /* Debug */,
				E1B74299189597D70052D5E9 /* Release */,
			);
			defaultConfigurationIsVisible = 0;
			defaultConfigurationName = Release;
		};
		E1B7429A189597D70052D5E9 /* Build configuration list for PBXNativeTarget "Blackjack" */ = {
			isa = XCConfigurationList;
			buildConfigurations = (
				E1B7429B189597D70052D5E9 /* Debug */,
				E1B7429C189597D70052D5E9 /* Release */,
			);
			defaultConfigurationIsVisible = 0;
		};
		E1B7429D189597D70052D5E9 /* Build configuration list for PBXNativeTarget "BlackjackTests" */ = {
			isa = XCConfigurationList;
			buildConfigurations = (
				E1B7429E189597D70052D5E9 /* Debug */,
				E1B7429F189597D70052D5E9 /* Release */,
			);
			defaultConfigurationIsVisible = 0;
		};
/* End XCConfigurationList section */
	};
	rootObject = E1B74256189597D70052D5E9 /* Project object */;
}
